<?xml version="1.0" encoding="utf-8"?>
<Project ToolsVersion="4.0" xmlns="http://schemas.microsoft.com/developer/msbuild/2003">
  <ItemGroup>
    <Filter Include="Source Files">
      <UniqueIdentifier>{4FC737F1-C7A5-4376-A066-2A32D752A2FF}</UniqueIdentifier>
      <Extensions>cpp;c;cc;cxx;def;odl;idl;hpj;bat;asm;asmx</Extensions>
    </Filter>
    <Filter Include="Header Files">
      <UniqueIdentifier>{93995380-89BD-4b04-88EB-625FBE52EBFB}</UniqueIdentifier>
      <Extensions>h;hpp;hxx;hm;inl;inc;xsd</Extensions>
    </Filter>
    <Filter Include="Resource Files">
      <UniqueIdentifier>{67DA6AB6-F800-4c08-8B7A-83BB121AAD01}</UniqueIdentifier>
      <Extensions>rc;ico;cur;bmp;dlg;rc2;rct;bin;rgs;gif;jpg;jpeg;jpe;resx;tiff;tif;png;wav</Extensions>
    </Filter>
  </ItemGroup>
  <ItemGroup>
    <ClCompile Include="..\dmcore\src\callbacks.c">
      <Filter>Source Files</Filter>
    </ClCompile>
    <ClCompile Include="..\dmcore\src\codec.c">
      <Filter>Source Files</Filter>
    </ClCompile>
    <ClCompile Include="..\dmcore\src\credentials.c">
      <Filter>Source Files</Filter>
    </ClCompile>
    <ClCompile Include="..\dmcore\src\defaultroot.c">
      <Filter>Source Files</Filter>
    </ClCompile>
    <ClCompile Include="..\dmcore\src\dmtree.c">
      <Filter>Source Files</Filter>
    </ClCompile>
    <ClCompile Include="..\dmcore\src\log.c">
      <Filter>Source Files</Filter>
    </ClCompile>
    <ClCompile Include="..\dmcore\src\momgr.c">
      <Filter>Source Files</Filter>
    </ClCompile>
    <ClCompile Include="..\dmcore\src\omadmclient.c">
      <Filter>Source Files</Filter>
    </ClCompile>
    <ClCompile Include="..\dmcore\src\package0.c">
      <Filter>Source Files</Filter>
    </ClCompile>
    <ClCompile Include="..\dmcore\src\sml2tree.c">
      <Filter>Source Files</Filter>
    </ClCompile>
    <ClCompile Include="..\dmcore\src\uricheck.c">
      <Filter>Source Files</Filter>
    </ClCompile>
    <ClCompile Include="..\dmcore\src\utils.c">
      <Filter>Source Files</Filter>
    </ClCompile>
    <ClCompile Include="..\externals\libmd5-rfc\md5.c">
      <Filter>Source Files</Filter>
    </ClCompile>
    <ClCompile Include="..\externals\syncmlrtk\src\sml\lib\all\liblock.c">
      <Filter>Source Files</Filter>
    </ClCompile>
    <ClCompile Include="..\externals\syncmlrtk\src\sml\lib\all\libmem.c">
      <Filter>Source Files</Filter>
    </ClCompile>
    <ClCompile Include="..\externals\syncmlrtk\src\sml\lib\all\libstr.c">
      <Filter>Source Files</Filter>
    </ClCompile>
    <ClCompile Include="..\externals\syncmlrtk\src\sml\lib\all\libutil.c">
      <Filter>Source Files</Filter>
    </ClCompile>
    <ClCompile Include="..\externals\syncmlrtk\src\sml\mgr\all\mgr.c">
      <Filter>Source Files</Filter>
    </ClCompile>
    <ClCompile Include="..\externals\syncmlrtk\src\sml\mgr\all\mgrcmdbuilder.c">
      <Filter>Source Files</Filter>
    </ClCompile>
    <ClCompile Include="..\externals\syncmlrtk\src\sml\mgr\all\mgrcmddispatcher.c">
      <Filter>Source Files</Filter>
    </ClCompile>
    <ClCompile Include="..\externals\syncmlrtk\src\sml\mgr\all\mgrinstancelist.c">
      <Filter>Source Files</Filter>
    </ClCompile>
    <ClCompile Include="..\externals\syncmlrtk\src\sml\mgr\all\mgrinstancemgr.c">
      <Filter>Source Files</Filter>
    </ClCompile>
    <ClCompile Include="..\externals\syncmlrtk\src\sml\mgr\all\mgrutil.c">
      <Filter>Source Files</Filter>
    </ClCompile>
    <ClCompile Include="..\externals\syncmlrtk\src\sml\xlt\all\xltdec.c">
      <Filter>Source Files</Filter>
    </ClCompile>
    <ClCompile Include="..\externals\syncmlrtk\src\sml\xlt\all\xltdecwbxml.c">
      <Filter>Source Files</Filter>
    </ClCompile>
    <ClCompile Include="..\externals\syncmlrtk\src\sml\xlt\all\xltdecxml.c">
      <Filter>Source Files</Filter>
    </ClCompile>
    <ClCompile Include="..\externals\syncmlrtk\src\sml\xlt\all\xltdevinf.c">
      <Filter>Source Files</Filter>
    </ClCompile>
    <ClCompile Include="..\externals\syncmlrtk\src\sml\xlt\all\xltenc.c">
      <Filter>Source Files</Filter>
    </ClCompile>
    <ClCompile Include="..\externals\syncmlrtk\src\sml\xlt\all\xltenccom.c">
      <Filter>Source Files</Filter>
    </ClCompile>
    <ClCompile Include="..\externals\syncmlrtk\src\sml\xlt\all\xltencwbxml.c">
      <Filter>Source Files</Filter>
    </ClCompile>
    <ClCompile Include="..\externals\syncmlrtk\src\sml\xlt\all\xltencxml.c">
      <Filter>Source Files</Filter>
    </ClCompile>
    <ClCompile Include="..\externals\syncmlrtk\src\sml\xlt\all\xltmetinf.c">
      <Filter>Source Files</Filter>
    </ClCompile>
    <ClCompile Include="..\externals\syncmlrtk\src\sml\xlt\all\xlttags.c">
      <Filter>Source Files</Filter>
    </ClCompile>
    <ClCompile Include="..\externals\syncmlrtk\src\sml\xlt\all\xltutilstack.c">
      <Filter>Source Files</Filter>
    </ClCompile>
    <ClCompile Include="source\String.c">
      <Filter>Source Files</Filter>
    </ClCompile>
  </ItemGroup>
  <ItemGroup>
    <None Include="..\externals\syncmlrtk\src\sml\SyncML.def">
      <Filter>Source Files</Filter>
    </None>
  </ItemGroup>
  <ItemGroup>
    <ClInclude Include="..\dmcore\include\error_macros.h">
      <Filter>Header Files</Filter>
    </ClInclude>
    <ClInclude Include="..\dmcore\include\omadmclient.h">
      <Filter>Header Files</Filter>
    </ClInclude>
    <ClInclude Include="..\dmcore\include\omadmtree_mo.h">
      <Filter>Header Files</Filter>
    </ClInclude>
    <ClInclude Include="..\dmcore\include\syncml_error.h">
      <Filter>Header Files</Filter>
    </ClInclude>
    <ClInclude Include="..\dmcore\src\dmtree.h">
      <Filter>Header Files</Filter>
    </ClInclude>
    <ClInclude Include="..\dmcore\src\internals.h">
      <Filter>Header Files</Filter>
    </ClInclude>
    <ClInclude Include="..\dmcore\src\log.h">
      <Filter>Header Files</Filter>
    </ClInclude>
    <ClInclude Include="..\dmcore\src\momgr.h">
      <Filter>Header Files</Filter>
    </ClInclude>
    <ClInclude Include="..\externals\libmd5-rfc\md5.h">
      <Filter>Header Files</Filter>
    </ClInclude>
    <ClInclude Include="..\externals\syncmlrtk\src\syncml_tk_prefix_file.h">
      <Filter>Header Files</Filter>
    </ClInclude>
    <ClInclude Include="..\externals\syncmlrtk\src\sml\inc\sml.h">
      <Filter>Header Files</Filter>
    </ClInclude>
    <ClInclude Include="..\externals\syncmlrtk\src\sml\inc\smldef.h">
      <Filter>Header Files</Filter>
    </ClInclude>
    <ClInclude Include="..\externals\syncmlrtk\src\sml\inc\smldevinfdtd.h">
      <Filter>Header Files</Filter>
    </ClInclude>
    <ClInclude Include="..\externals\syncmlrtk\src\sml\inc\smldtd.h">
      <Filter>Header Files</Filter>
    </ClInclude>
    <ClInclude Include="..\externals\syncmlrtk\src\sml\inc\smlerr.h">
      <Filter>Header Files</Filter>
    </ClInclude>
    <ClInclude Include="..\externals\syncmlrtk\src\sml\inc\smlmetinfdtd.h">
      <Filter>Header Files</Filter>
    </ClInclude>
    <ClInclude Include="..\externals\syncmlrtk\src\sml\inc\win\define.h">
      <Filter>Header Files</Filter>
    </ClInclude>
    <ClInclude Include="..\externals\syncmlrtk\src\sml\lib\inc\liblock.h">
      <Filter>Header Files</Filter>
    </ClInclude>
    <ClInclude Include="..\externals\syncmlrtk\src\sml\lib\inc\libmem.h">
      <Filter>Header Files</Filter>
    </ClInclude>
    <ClInclude Include="..\externals\syncmlrtk\src\sml\lib\inc\libstr.h">
      <Filter>Header Files</Filter>
    </ClInclude>
    <ClInclude Include="..\externals\syncmlrtk\src\sml\lib\inc\libutil.h">
      <Filter>Header Files</Filter>
    </ClInclude>
    <ClInclude Include="..\externals\syncmlrtk\src\sml\mgr\inc\mgr.h">
      <Filter>Header Files</Filter>
    </ClInclude>
    <ClInclude Include="..\externals\syncmlrtk\src\sml\mgr\inc\mgrutil.h">
      <Filter>Header Files</Filter>
    </ClInclude>
    <ClInclude Include="..\externals\syncmlrtk\src\sml\wsm\inc\wsm.h">
      <Filter>Header Files</Filter>
    </ClInclude>
    <ClInclude Include="..\externals\syncmlrtk\src\sml\xlt\all\xltdeccom.h">
      <Filter>Header Files</Filter>
    </ClInclude>
    <ClInclude Include="..\externals\syncmlrtk\src\sml\xlt\all\xltdecwbxml.h">
      <Filter>Header Files</Filter>
    </ClInclude>
    <ClInclude Include="..\externals\syncmlrtk\src\sml\xlt\all\xltdevinf.h">
      <Filter>Header Files</Filter>
    </ClInclude>
    <ClInclude Include="..\externals\syncmlrtk\src\sml\xlt\all\xltenccom.h">
      <Filter>Header Files</Filter>
    </ClInclude>
    <ClInclude Include="..\externals\syncmlrtk\src\sml\xlt\all\xltencwbxml.h">
      <Filter>Header Files</Filter>
    </ClInclude>
    <ClInclude Include="..\externals\syncmlrtk\src\sml\xlt\all\xltencxml.h">
      <Filter>Header Files</Filter>
    </ClInclude>
    <ClInclude Include="..\externals\syncmlrtk\src\sml\xlt\all\xltmetinf.h">
      <Filter>Header Files</Filter>
    </ClInclude>
    <ClInclude Include="..\externals\syncmlrtk\src\sml\xlt\all\xlttags.h">
      <Filter>Header Files</Filter>
    </ClInclude>
    <ClInclude Include="..\externals\syncmlrtk\src\sml\xlt\all\xlttagtbl.h">
      <Filter>Header Files</Filter>
    </ClInclude>
    <ClInclude Include="..\externals\syncmlrtk\src\sml\xlt\all\xltutilstack.h">
      <Filter>Header Files</Filter>
    </ClInclude>
    <ClInclude Include="..\externals\syncmlrtk\src\sml\xlt\inc\xltdec.h">
      <Filter>Header Files</Filter>
    </ClInclude>
    <ClInclude Include="..\externals\syncmlrtk\src\sml\xlt\inc\xltenc.h">
      <Filter>Header Files</Filter>
    </ClInclude>
  </ItemGroup>
</Project>